// !$*UTF8*$!
{
	archiveVersion = 1;
	classes = {
	};
	objectVersion = 52;
	objects = {

/* Begin PBXBuildFile section */
		6C2D46A1261397B2008C1077 /* CovidTrackApp.swift in Sources */ = {isa = PBXBuildFile; fileRef = 6C2D46A0261397B2008C1077 /* CovidTrackApp.swift */; };
		6C2D46A3261397B2008C1077 /* ContentView.swift in Sources */ = {isa = PBXBuildFile; fileRef = 6C2D46A2261397B2008C1077 /* ContentView.swift */; };
		6C2D46A5261397B5008C1077 /* Assets.xcassets in Resources */ = {isa = PBXBuildFile; fileRef = 6C2D46A4261397B5008C1077 /* Assets.xcassets */; };
		6C2D46A8261397B5008C1077 /* Preview Assets.xcassets in Resources */ = {isa = PBXBuildFile; fileRef = 6C2D46A7261397B5008C1077 /* Preview Assets.xcassets */; };
		6C2D46AA261397B5008C1077 /* Persistence.swift in Sources */ = {isa = PBXBuildFile; fileRef = 6C2D46A9261397B5008C1077 /* Persistence.swift */; };
		6C2D46B926139823008C1077 /* AboutView.swift in Sources */ = {isa = PBXBuildFile; fileRef = 6C2D46B826139823008C1077 /* AboutView.swift */; };
		6C2D46BE261398DB008C1077 /* CSV in Frameworks */ = {isa = PBXBuildFile; productRef = 6C2D46BD261398DB008C1077 /* CSV */; };
		6C2D46C226139956008C1077 /* SwiftUICharts in Frameworks */ = {isa = PBXBuildFile; productRef = 6C2D46C126139956008C1077 /* SwiftUICharts */; };
		6C2D46C52613C76A008C1077 /* CountryDate.swift in Sources */ = {isa = PBXBuildFile; fileRef = 6C2D46C42613C76A008C1077 /* CountryDate.swift */; };
		6C2D46C92613D721008C1077 /* CountryDataView.swift in Sources */ = {isa = PBXBuildFile; fileRef = 6C2D46C82613D721008C1077 /* CountryDataView.swift */; };
		6C3F1BE22626D07F00A0ED69 /* StateGraphView.swift in Sources */ = {isa = PBXBuildFile; fileRef = 6C3F1BE12626D07F00A0ED69 /* StateGraphView.swift */; };
		6C3F1BE726275E0E00A0ED69 /* StateDataManager.swift in Sources */ = {isa = PBXBuildFile; fileRef = 6C3F1BE626275E0E00A0ED69 /* StateDataManager.swift */; };
		6C3F1BEB2628017B00A0ED69 /* ScreeningView.swift in Sources */ = {isa = PBXBuildFile; fileRef = 6C3F1BEA2628017B00A0ED69 /* ScreeningView.swift */; };
		6C3F1BF026287B1100A0ED69 /* World.swift in Sources */ = {isa = PBXBuildFile; fileRef = 6C3F1BEF26287B1100A0ED69 /* World.swift */; };
		6C3F1BF326287B6300A0ED69 /* WorldDate.swift in Sources */ = {isa = PBXBuildFile; fileRef = 6C3F1BF226287B6300A0ED69 /* WorldDate.swift */; };
		6C3F1BF926287DC600A0ED69 /* WorldDataManager.swift in Sources */ = {isa = PBXBuildFile; fileRef = 6C3F1BF826287DC600A0ED69 /* WorldDataManager.swift */; };
		6C3F1BFD262880E600A0ED69 /* WorldDataView.swift in Sources */ = {isa = PBXBuildFile; fileRef = 6C3F1BFC262880E600A0ED69 /* WorldDataView.swift */; };
		6C3F1C00262881B400A0ED69 /* WorldGraphView.swift in Sources */ = {isa = PBXBuildFile; fileRef = 6C3F1BFF262881B400A0ED69 /* WorldGraphView.swift */; };
		6C3F1C082629497400A0ED69 /* DateChecker.swift in Sources */ = {isa = PBXBuildFile; fileRef = 6C3F1C072629497400A0ED69 /* DateChecker.swift */; };
		6C3F1C27262AD18300A0ED69 /* ScreeningView1.swift in Sources */ = {isa = PBXBuildFile; fileRef = 6C3F1C26262AD18300A0ED69 /* ScreeningView1.swift */; };
		6C5F28EC26307AA4002CCF9D /* LaunchScreen.storyboard in Resources */ = {isa = PBXBuildFile; fileRef = 6C5F28EB26307AA4002CCF9D /* LaunchScreen.storyboard */; };
		6C71245F262527B00096197D /* CountryGraphView.swift in Sources */ = {isa = PBXBuildFile; fileRef = 6C71245E262527B00096197D /* CountryGraphView.swift */; };
		6C85120C261D168F001889B8 /* CountryDataManager.swift in Sources */ = {isa = PBXBuildFile; fileRef = 6C85120B261D168F001889B8 /* CountryDataManager.swift */; };
		6C851210261D5540001889B8 /* StateDate.swift in Sources */ = {isa = PBXBuildFile; fileRef = 6C85120F261D5540001889B8 /* StateDate.swift */; };
		6C851215261D6D37001889B8 /* StateDataView.swift in Sources */ = {isa = PBXBuildFile; fileRef = 6C851214261D6D37001889B8 /* StateDataView.swift */; };
		6C8A3996263866D9005E53CC /* ScreeningView3.swift in Sources */ = {isa = PBXBuildFile; fileRef = 6C8A3995263866D9005E53CC /* ScreeningView3.swift */; };
		6CAD0A1826BAD9B2008CA4BE /* CovidTrack.xcdatamodeld in Sources */ = {isa = PBXBuildFile; fileRef = 6CAD0A1626BAD9B2008CA4BE /* CovidTrack.xcdatamodeld */; };
		6CC3541726309E8700D18A29 /* MoreInfoView.swift in Sources */ = {isa = PBXBuildFile; fileRef = 6CC3541626309E8700D18A29 /* MoreInfoView.swift */; };
		6CC3541A2631CDDC00D18A29 /* ScreeningView2.swift in Sources */ = {isa = PBXBuildFile; fileRef = 6CC354192631CDDC00D18A29 /* ScreeningView2.swift */; };
		6CE881D1261F6C29000DC14E /* State.swift in Sources */ = {isa = PBXBuildFile; fileRef = 6CE881D0261F6C29000DC14E /* State.swift */; };
		6CEC46B42620D117007D61DD /* Country.swift in Sources */ = {isa = PBXBuildFile; fileRef = 6CEC46B32620D117007D61DD /* Country.swift */; };
		6CEC46B926210133007D61DD /* DataView.swift in Sources */ = {isa = PBXBuildFile; fileRef = 6CEC46B826210133007D61DD /* DataView.swift */; };
		6CEC46BD262104D3007D61DD /* SelectStateView.swift in Sources */ = {isa = PBXBuildFile; fileRef = 6CEC46BC262104D3007D61DD /* SelectStateView.swift */; };
/* End PBXBuildFile section */

/* Begin PBXFileReference section */
		6C2D469D261397B2008C1077 /* CovidTrack.app */ = {isa = PBXFileReference; explicitFileType = wrapper.application; includeInIndex = 0; path = CovidTrack.app; sourceTree = BUILT_PRODUCTS_DIR; };
		6C2D46A0261397B2008C1077 /* CovidTrackApp.swift */ = {isa = PBXFileReference; lastKnownFileType = sourcecode.swift; path = CovidTrackApp.swift; sourceTree = "<group>"; };
		6C2D46A2261397B2008C1077 /* ContentView.swift */ = {isa = PBXFileReference; lastKnownFileType = sourcecode.swift; path = ContentView.swift; sourceTree = "<group>"; };
		6C2D46A4261397B5008C1077 /* Assets.xcassets */ = {isa = PBXFileReference; lastKnownFileType = folder.assetcatalog; path = Assets.xcassets; sourceTree = "<group>"; };
		6C2D46A7261397B5008C1077 /* Preview Assets.xcassets */ = {isa = PBXFileReference; lastKnownFileType = folder.assetcatalog; path = "Preview Assets.xcassets"; sourceTree = "<group>"; };
		6C2D46A9261397B5008C1077 /* Persistence.swift */ = {isa = PBXFileReference; lastKnownFileType = sourcecode.swift; path = Persistence.swift; sourceTree = "<group>"; };
		6C2D46AE261397B5008C1077 /* Info.plist */ = {isa = PBXFileReference; lastKnownFileType = text.plist.xml; path = Info.plist; sourceTree = "<group>"; };
		6C2D46B826139823008C1077 /* AboutView.swift */ = {isa = PBXFileReference; fileEncoding = 4; lastKnownFileType = sourcecode.swift; path = AboutView.swift; sourceTree = "<group>"; };
		6C2D46C42613C76A008C1077 /* CountryDate.swift */ = {isa = PBXFileReference; lastKnownFileType = sourcecode.swift; path = CountryDate.swift; sourceTree = "<group>"; };
		6C2D46C82613D721008C1077 /* CountryDataView.swift */ = {isa = PBXFileReference; lastKnownFileType = sourcecode.swift; path = CountryDataView.swift; sourceTree = "<group>"; };
		6C3F1BE12626D07F00A0ED69 /* StateGraphView.swift */ = {isa = PBXFileReference; lastKnownFileType = sourcecode.swift; path = StateGraphView.swift; sourceTree = "<group>"; };
		6C3F1BE626275E0E00A0ED69 /* StateDataManager.swift */ = {isa = PBXFileReference; lastKnownFileType = sourcecode.swift; path = StateDataManager.swift; sourceTree = "<group>"; };
		6C3F1BEA2628017B00A0ED69 /* ScreeningView.swift */ = {isa = PBXFileReference; lastKnownFileType = sourcecode.swift; path = ScreeningView.swift; sourceTree = "<group>"; };
		6C3F1BEF26287B1100A0ED69 /* World.swift */ = {isa = PBXFileReference; lastKnownFileType = sourcecode.swift; path = World.swift; sourceTree = "<group>"; };
		6C3F1BF226287B6300A0ED69 /* WorldDate.swift */ = {isa = PBXFileReference; lastKnownFileType = sourcecode.swift; path = WorldDate.swift; sourceTree = "<group>"; };
		6C3F1BF826287DC600A0ED69 /* WorldDataManager.swift */ = {isa = PBXFileReference; lastKnownFileType = sourcecode.swift; path = WorldDataManager.swift; sourceTree = "<group>"; };
		6C3F1BFC262880E600A0ED69 /* WorldDataView.swift */ = {isa = PBXFileReference; lastKnownFileType = sourcecode.swift; path = WorldDataView.swift; sourceTree = "<group>"; };
		6C3F1BFF262881B400A0ED69 /* WorldGraphView.swift */ = {isa = PBXFileReference; lastKnownFileType = sourcecode.swift; path = WorldGraphView.swift; sourceTree = "<group>"; };
		6C3F1C072629497400A0ED69 /* DateChecker.swift */ = {isa = PBXFileReference; lastKnownFileType = sourcecode.swift; path = DateChecker.swift; sourceTree = "<group>"; };
		6C3F1C26262AD18300A0ED69 /* ScreeningView1.swift */ = {isa = PBXFileReference; lastKnownFileType = sourcecode.swift; path = ScreeningView1.swift; sourceTree = "<group>"; };
		6C5F28EB26307AA4002CCF9D /* LaunchScreen.storyboard */ = {isa = PBXFileReference; lastKnownFileType = file.storyboard; path = LaunchScreen.storyboard; sourceTree = "<group>"; };
		6C71245E262527B00096197D /* CountryGraphView.swift */ = {isa = PBXFileReference; lastKnownFileType = sourcecode.swift; path = CountryGraphView.swift; sourceTree = "<group>"; };
		6C85120B261D168F001889B8 /* CountryDataManager.swift */ = {isa = PBXFileReference; lastKnownFileType = sourcecode.swift; path = CountryDataManager.swift; sourceTree = "<group>"; };
		6C85120F261D5540001889B8 /* StateDate.swift */ = {isa = PBXFileReference; lastKnownFileType = sourcecode.swift; path = StateDate.swift; sourceTree = "<group>"; };
		6C851214261D6D37001889B8 /* StateDataView.swift */ = {isa = PBXFileReference; lastKnownFileType = sourcecode.swift; path = StateDataView.swift; sourceTree = "<group>"; };
		6C8A3995263866D9005E53CC /* ScreeningView3.swift */ = {isa = PBXFileReference; lastKnownFileType = sourcecode.swift; path = ScreeningView3.swift; sourceTree = "<group>"; };
		6CAD0A1726BAD9B2008CA4BE /* CovidTrack.xcdatamodel */ = {isa = PBXFileReference; lastKnownFileType = wrapper.xcdatamodel; path = CovidTrack.xcdatamodel; sourceTree = "<group>"; };
		6CC3541626309E8700D18A29 /* MoreInfoView.swift */ = {isa = PBXFileReference; lastKnownFileType = sourcecode.swift; path = MoreInfoView.swift; sourceTree = "<group>"; };
		6CC354192631CDDC00D18A29 /* ScreeningView2.swift */ = {isa = PBXFileReference; lastKnownFileType = sourcecode.swift; path = ScreeningView2.swift; sourceTree = "<group>"; };
		6CE881D0261F6C29000DC14E /* State.swift */ = {isa = PBXFileReference; lastKnownFileType = sourcecode.swift; path = State.swift; sourceTree = "<group>"; };
		6CEC46B32620D117007D61DD /* Country.swift */ = {isa = PBXFileReference; lastKnownFileType = sourcecode.swift; path = Country.swift; sourceTree = "<group>"; };
		6CEC46B826210133007D61DD /* DataView.swift */ = {isa = PBXFileReference; lastKnownFileType = sourcecode.swift; path = DataView.swift; sourceTree = "<group>"; };
		6CEC46BC262104D3007D61DD /* SelectStateView.swift */ = {isa = PBXFileReference; lastKnownFileType = sourcecode.swift; path = SelectStateView.swift; sourceTree = "<group>"; };
/* End PBXFileReference section */

/* Begin PBXFrameworksBuildPhase section */
		6C2D469A261397B2008C1077 /* Frameworks */ = {
			isa = PBXFrameworksBuildPhase;
			buildActionMask = 2147483647;
			files = (
				6C2D46BE261398DB008C1077 /* CSV in Frameworks */,
				6C2D46C226139956008C1077 /* SwiftUICharts in Frameworks */,
			);
			runOnlyForDeploymentPostprocessing = 0;
		};
/* End PBXFrameworksBuildPhase section */

/* Begin PBXGroup section */
		6C2D4694261397B2008C1077 = {
			isa = PBXGroup;
			children = (
				6C2D469F261397B2008C1077 /* CovidTrack */,
				6C2D469E261397B2008C1077 /* Products */,
			);
			sourceTree = "<group>";
		};
		6C2D469E261397B2008C1077 /* Products */ = {
			isa = PBXGroup;
			children = (
				6C2D469D261397B2008C1077 /* CovidTrack.app */,
			);
			name = Products;
			sourceTree = "<group>";
		};
		6C2D469F261397B2008C1077 /* CovidTrack */ = {
			isa = PBXGroup;
			children = (
				6C2D46A0261397B2008C1077 /* CovidTrackApp.swift */,
				6CEC46B02620CE22007D61DD /* Views */,
				6CEC46B22620CE7B007D61DD /* EntityExtensions */,
				6C3F1BF726287DA800A0ED69 /* DataManagers */,
				6C3F1C072629497400A0ED69 /* DateChecker.swift */,
				6C2D46A9261397B5008C1077 /* Persistence.swift */,
				6C2D46A4261397B5008C1077 /* Assets.xcassets */,
				6C2D46AE261397B5008C1077 /* Info.plist */,
				6CAD0A1626BAD9B2008CA4BE /* CovidTrack.xcdatamodeld */,
				6C2D46A6261397B5008C1077 /* Preview Content */,
			);
			path = CovidTrack;
			sourceTree = "<group>";
		};
		6C2D46A6261397B5008C1077 /* Preview Content */ = {
			isa = PBXGroup;
			children = (
				6C2D46A7261397B5008C1077 /* Preview Assets.xcassets */,
			);
			path = "Preview Content";
			sourceTree = "<group>";
		};
		6C3F1BF726287DA800A0ED69 /* DataManagers */ = {
			isa = PBXGroup;
			children = (
				6C3F1BF826287DC600A0ED69 /* WorldDataManager.swift */,
				6C85120B261D168F001889B8 /* CountryDataManager.swift */,
				6C3F1BE626275E0E00A0ED69 /* StateDataManager.swift */,
			);
			path = DataManagers;
			sourceTree = "<group>";
		};
		6C3F1C25262AD15C00A0ED69 /* ScreeningViews */ = {
			isa = PBXGroup;
			children = (
				6C3F1BEA2628017B00A0ED69 /* ScreeningView.swift */,
				6C3F1C26262AD18300A0ED69 /* ScreeningView1.swift */,
				6CC354192631CDDC00D18A29 /* ScreeningView2.swift */,
				6C8A3995263866D9005E53CC /* ScreeningView3.swift */,
			);
			path = ScreeningViews;
			sourceTree = "<group>";
		};
		6CEC46B02620CE22007D61DD /* Views */ = {
			isa = PBXGroup;
			children = (
				6C5F28EB26307AA4002CCF9D /* LaunchScreen.storyboard */,
				6C2D46A2261397B2008C1077 /* ContentView.swift */,
				6CEC46B12620CE56007D61DD /* DataViews */,
				6C3F1C25262AD15C00A0ED69 /* ScreeningViews */,
				6C2D46B826139823008C1077 /* AboutView.swift */,
				6CC3541626309E8700D18A29 /* MoreInfoView.swift */,
			);
			path = Views;
			sourceTree = "<group>";
		};
		6CEC46B12620CE56007D61DD /* DataViews */ = {
			isa = PBXGroup;
			children = (
				6CEC46B826210133007D61DD /* DataView.swift */,
				6C3F1BFC262880E600A0ED69 /* WorldDataView.swift */,
				6C3F1BFF262881B400A0ED69 /* WorldGraphView.swift */,
				6C2D46C82613D721008C1077 /* CountryDataView.swift */,
				6C71245E262527B00096197D /* CountryGraphView.swift */,
				6C851214261D6D37001889B8 /* StateDataView.swift */,
				6C3F1BE12626D07F00A0ED69 /* StateGraphView.swift */,
				6CEC46BC262104D3007D61DD /* SelectStateView.swift */,
			);
			path = DataViews;
			sourceTree = "<group>";
		};
		6CEC46B22620CE7B007D61DD /* EntityExtensions */ = {
			isa = PBXGroup;
			children = (
				6C3F1BF226287B6300A0ED69 /* WorldDate.swift */,
				6C2D46C42613C76A008C1077 /* CountryDate.swift */,
				6C85120F261D5540001889B8 /* StateDate.swift */,
				6C3F1BEF26287B1100A0ED69 /* World.swift */,
				6CEC46B32620D117007D61DD /* Country.swift */,
				6CE881D0261F6C29000DC14E /* State.swift */,
			);
			path = EntityExtensions;
			sourceTree = "<group>";
		};
/* End PBXGroup section */

/* Begin PBXNativeTarget section */
		6C2D469C261397B2008C1077 /* CovidTrack */ = {
			isa = PBXNativeTarget;
			buildConfigurationList = 6C2D46B1261397B5008C1077 /* Build configuration list for PBXNativeTarget "CovidTrack" */;
			buildPhases = (
				6C2D4699261397B2008C1077 /* Sources */,
				6C2D469A261397B2008C1077 /* Frameworks */,
				6C2D469B261397B2008C1077 /* Resources */,
			);
			buildRules = (
			);
			dependencies = (
			);
			name = CovidTrack;
			packageProductDependencies = (
				6C2D46BD261398DB008C1077 /* CSV */,
				6C2D46C126139956008C1077 /* SwiftUICharts */,
			);
			productName = CovidTrack;
			productReference = 6C2D469D261397B2008C1077 /* CovidTrack.app */;
			productType = "com.apple.product-type.application";
		};
/* End PBXNativeTarget section */

/* Begin PBXProject section */
		6C2D4695261397B2008C1077 /* Project object */ = {
			isa = PBXProject;
			attributes = {
				LastSwiftUpdateCheck = 1230;
				LastUpgradeCheck = 1230;
				TargetAttributes = {
					6C2D469C261397B2008C1077 = {
						CreatedOnToolsVersion = 12.3;
					};
				};
			};
			buildConfigurationList = 6C2D4698261397B2008C1077 /* Build configuration list for PBXProject "CovidTrack" */;
			compatibilityVersion = "Xcode 9.3";
			developmentRegion = en;
			hasScannedForEncodings = 0;
			knownRegions = (
				en,
				Base,
			);
			mainGroup = 6C2D4694261397B2008C1077;
			packageReferences = (
				6C2D46BC261398DB008C1077 /* XCRemoteSwiftPackageReference "CSV" */,
				6C2D46C026139956008C1077 /* XCRemoteSwiftPackageReference "ChartView" */,
			);
			productRefGroup = 6C2D469E261397B2008C1077 /* Products */;
			projectDirPath = "";
			projectRoot = "";
			targets = (
				6C2D469C261397B2008C1077 /* CovidTrack */,
			);
		};
/* End PBXProject section */

/* Begin PBXResourcesBuildPhase section */
		6C2D469B261397B2008C1077 /* Resources */ = {
			isa = PBXResourcesBuildPhase;
			buildActionMask = 2147483647;
			files = (
				6C5F28EC26307AA4002CCF9D /* LaunchScreen.storyboard in Resources */,
				6C2D46A8261397B5008C1077 /* Preview Assets.xcassets in Resources */,
				6C2D46A5261397B5008C1077 /* Assets.xcassets in Resources */,
			);
			runOnlyForDeploymentPostprocessing = 0;
		};
/* End PBXResourcesBuildPhase section */

/* Begin PBXSourcesBuildPhase section */
		6C2D4699261397B2008C1077 /* Sources */ = {
			isa = PBXSourcesBuildPhase;
			buildActionMask = 2147483647;
			files = (
				6C851215261D6D37001889B8 /* StateDataView.swift in Sources */,
				6C851210261D5540001889B8 /* StateDate.swift in Sources */,
				6CC3541A2631CDDC00D18A29 /* ScreeningView2.swift in Sources */,
				6C2D46C52613C76A008C1077 /* CountryDate.swift in Sources */,
				6CAD0A1826BAD9B2008CA4BE /* CovidTrack.xcdatamodeld in Sources */,
				6C71245F262527B00096197D /* CountryGraphView.swift in Sources */,
				6CE881D1261F6C29000DC14E /* State.swift in Sources */,
				6CC3541726309E8700D18A29 /* MoreInfoView.swift in Sources */,
				6C3F1BEB2628017B00A0ED69 /* ScreeningView.swift in Sources */,
				6CEC46B42620D117007D61DD /* Country.swift in Sources */,
				6C2D46AA261397B5008C1077 /* Persistence.swift in Sources */,
				6C8A3996263866D9005E53CC /* ScreeningView3.swift in Sources */,
				6C3F1BF026287B1100A0ED69 /* World.swift in Sources */,
				6C3F1BE726275E0E00A0ED69 /* StateDataManager.swift in Sources */,
				6C2D46A3261397B2008C1077 /* ContentView.swift in Sources */,
				6C3F1BF326287B6300A0ED69 /* WorldDate.swift in Sources */,
				6C3F1C00262881B400A0ED69 /* WorldGraphView.swift in Sources */,
				6CEC46B926210133007D61DD /* DataView.swift in Sources */,
				6C3F1BF926287DC600A0ED69 /* WorldDataManager.swift in Sources */,
				6C2D46B926139823008C1077 /* AboutView.swift in Sources */,
				6CEC46BD262104D3007D61DD /* SelectStateView.swift in Sources */,
				6C2D46C92613D721008C1077 /* CountryDataView.swift in Sources */,
				6C3F1C082629497400A0ED69 /* DateChecker.swift in Sources */,
				6C3F1BE22626D07F00A0ED69 /* StateGraphView.swift in Sources */,
				6C2D46A1261397B2008C1077 /* CovidTrackApp.swift in Sources */,
				6C85120C261D168F001889B8 /* CountryDataManager.swift in Sources */,
				6C3F1C27262AD18300A0ED69 /* ScreeningView1.swift in Sources */,
				6C3F1BFD262880E600A0ED69 /* WorldDataView.swift in Sources */,
			);
			runOnlyForDeploymentPostprocessing = 0;
		};
/* End PBXSourcesBuildPhase section */

/* Begin XCBuildConfiguration section */
		6C2D46AF261397B5008C1077 /* Debug */ = {
			isa = XCBuildConfiguration;
			buildSettings = {
				ALWAYS_SEARCH_USER_PATHS = NO;
				CLANG_ANALYZER_NONNULL = YES;
				CLANG_ANALYZER_NUMBER_OBJECT_CONVERSION = YES_AGGRESSIVE;
				CLANG_CXX_LANGUAGE_STANDARD = "gnu++14";
				CLANG_CXX_LIBRARY = "libc++";
				CLANG_ENABLE_MODULES = YES;
				CLANG_ENABLE_OBJC_ARC = YES;
				CLANG_ENABLE_OBJC_WEAK = YES;
				CLANG_WARN_BLOCK_CAPTURE_AUTORELEASING = YES;
				CLANG_WARN_BOOL_CONVERSION = YES;
				CLANG_WARN_COMMA = YES;
				CLANG_WARN_CONSTANT_CONVERSION = YES;
				CLANG_WARN_DEPRECATED_OBJC_IMPLEMENTATIONS = YES;
				CLANG_WARN_DIRECT_OBJC_ISA_USAGE = YES_ERROR;
				CLANG_WARN_DOCUMENTATION_COMMENTS = YES;
				CLANG_WARN_EMPTY_BODY = YES;
				CLANG_WARN_ENUM_CONVERSION = YES;
				CLANG_WARN_INFINITE_RECURSION = YES;
				CLANG_WARN_INT_CONVERSION = YES;
				CLANG_WARN_NON_LITERAL_NULL_CONVERSION = YES;
				CLANG_WARN_OBJC_IMPLICIT_RETAIN_SELF = YES;
				CLANG_WARN_OBJC_LITERAL_CONVERSION = YES;
				CLANG_WARN_OBJC_ROOT_CLASS = YES_ERROR;
				CLANG_WARN_QUOTED_INCLUDE_IN_FRAMEWORK_HEADER = YES;
				CLANG_WARN_RANGE_LOOP_ANALYSIS = YES;
				CLANG_WARN_STRICT_PROTOTYPES = YES;
				CLANG_WARN_SUSPICIOUS_MOVE = YES;
				CLANG_WARN_UNGUARDED_AVAILABILITY = YES_AGGRESSIVE;
				CLANG_WARN_UNREACHABLE_CODE = YES;
				CLANG_WARN__DUPLICATE_METHOD_MATCH = YES;
				COPY_PHASE_STRIP = NO;
				DEBUG_INFORMATION_FORMAT = dwarf;
				ENABLE_STRICT_OBJC_MSGSEND = YES;
				ENABLE_TESTABILITY = YES;
				GCC_C_LANGUAGE_STANDARD = gnu11;
				GCC_DYNAMIC_NO_PIC = NO;
				GCC_NO_COMMON_BLOCKS = YES;
				GCC_OPTIMIZATION_LEVEL = 0;
				GCC_PREPROCESSOR_DEFINITIONS = (
					"DEBUG=1",
					"$(inherited)",
				);
				GCC_WARN_64_TO_32_BIT_CONVERSION = YES;
				GCC_WARN_ABOUT_RETURN_TYPE = YES_ERROR;
				GCC_WARN_UNDECLARED_SELECTOR = YES;
				GCC_WARN_UNINITIALIZED_AUTOS = YES_AGGRESSIVE;
				GCC_WARN_UNUSED_FUNCTION = YES;
				GCC_WARN_UNUSED_VARIABLE = YES;
				IPHONEOS_DEPLOYMENT_TARGET = 14.3;
				MTL_ENABLE_DEBUG_INFO = INCLUDE_SOURCE;
				MTL_FAST_MATH = YES;
				ONLY_ACTIVE_ARCH = YES;
				SDKROOT = iphoneos;
				SWIFT_ACTIVE_COMPILATION_CONDITIONS = DEBUG;
				SWIFT_OPTIMIZATION_LEVEL = "-Onone";
			};
			name = Debug;
		};
		6C2D46B0261397B5008C1077 /* Release */ = {
			isa = XCBuildConfiguration;
			buildSettings = {
				ALWAYS_SEARCH_USER_PATHS = NO;
				CLANG_ANALYZER_NONNULL = YES;
				CLANG_ANALYZER_NUMBER_OBJECT_CONVERSION = YES_AGGRESSIVE;
				CLANG_CXX_LANGUAGE_STANDARD = "gnu++14";
				CLANG_CXX_LIBRARY = "libc++";
				CLANG_ENABLE_MODULES = YES;
				CLANG_ENABLE_OBJC_ARC = YES;
				CLANG_ENABLE_OBJC_WEAK = YES;
				CLANG_WARN_BLOCK_CAPTURE_AUTORELEASING = YES;
				CLANG_WARN_BOOL_CONVERSION = YES;
				CLANG_WARN_COMMA = YES;
				CLANG_WARN_CONSTANT_CONVERSION = YES;
				CLANG_WARN_DEPRECATED_OBJC_IMPLEMENTATIONS = YES;
				CLANG_WARN_DIRECT_OBJC_ISA_USAGE = YES_ERROR;
				CLANG_WARN_DOCUMENTATION_COMMENTS = YES;
				CLANG_WARN_EMPTY_BODY = YES;
				CLANG_WARN_ENUM_CONVERSION = YES;
				CLANG_WARN_INFINITE_RECURSION = YES;
				CLANG_WARN_INT_CONVERSION = YES;
				CLANG_WARN_NON_LITERAL_NULL_CONVERSION = YES;
				CLANG_WARN_OBJC_IMPLICIT_RETAIN_SELF = YES;
				CLANG_WARN_OBJC_LITERAL_CONVERSION = YES;
				CLANG_WARN_OBJC_ROOT_CLASS = YES_ERROR;
				CLANG_WARN_QUOTED_INCLUDE_IN_FRAMEWORK_HEADER = YES;
				CLANG_WARN_RANGE_LOOP_ANALYSIS = YES;
				CLANG_WARN_STRICT_PROTOTYPES = YES;
				CLANG_WARN_SUSPICIOUS_MOVE = YES;
				CLANG_WARN_UNGUARDED_AVAILABILITY = YES_AGGRESSIVE;
				CLANG_WARN_UNREACHABLE_CODE = YES;
				CLANG_WARN__DUPLICATE_METHOD_MATCH = YES;
				COPY_PHASE_STRIP = NO;
				DEBUG_INFORMATION_FORMAT = "dwarf-with-dsym";
				ENABLE_NS_ASSERTIONS = NO;
				ENABLE_STRICT_OBJC_MSGSEND = YES;
				GCC_C_LANGUAGE_STANDARD = gnu11;
				GCC_NO_COMMON_BLOCKS = YES;
				GCC_WARN_64_TO_32_BIT_CONVERSION = YES;
				GCC_WARN_ABOUT_RETURN_TYPE = YES_ERROR;
				GCC_WARN_UNDECLARED_SELECTOR = YES;
				GCC_WARN_UNINITIALIZED_AUTOS = YES_AGGRESSIVE;
				GCC_WARN_UNUSED_FUNCTION = YES;
				GCC_WARN_UNUSED_VARIABLE = YES;
				IPHONEOS_DEPLOYMENT_TARGET = 14.3;
				MTL_ENABLE_DEBUG_INFO = NO;
				MTL_FAST_MATH = YES;
				SDKROOT = iphoneos;
				SWIFT_COMPILATION_MODE = wholemodule;
				SWIFT_OPTIMIZATION_LEVEL = "-O";
				VALIDATE_PRODUCT = YES;
			};
			name = Release;
		};
		6C2D46B2261397B5008C1077 /* Debug */ = {
			isa = XCBuildConfiguration;
			buildSettings = {
				ASSETCATALOG_COMPILER_APPICON_NAME = AppIcon;
				ASSETCATALOG_COMPILER_GLOBAL_ACCENT_COLOR_NAME = AccentColor;
				CODE_SIGN_STYLE = Automatic;
				DEVELOPMENT_ASSET_PATHS = "\"CovidTrack/Preview Content\"";
				DEVELOPMENT_TEAM = L24UPAK8D9;
				ENABLE_PREVIEWS = YES;
				INFOPLIST_FILE = CovidTrack/Info.plist;
				IPHONEOS_DEPLOYMENT_TARGET = 14.0;
				LD_RUNPATH_SEARCH_PATHS = (
					"$(inherited)",
					"@executable_path/Frameworks",
				);
				PRODUCT_BUNDLE_IDENTIFIER = edu.capital.dkirkbride3.CovidTrack;
				PRODUCT_NAME = "$(TARGET_NAME)";
				SWIFT_VERSION = 5.0;
				TARGETED_DEVICE_FAMILY = "1,2";
			};
			name = Debug;
		};
		6C2D46B3261397B5008C1077 /* Release */ = {
			isa = XCBuildConfiguration;
			buildSettings = {
				ASSETCATALOG_COMPILER_APPICON_NAME = AppIcon;
				ASSETCATALOG_COMPILER_GLOBAL_ACCENT_COLOR_NAME = AccentColor;
				CODE_SIGN_STYLE = Automatic;
				DEVELOPMENT_ASSET_PATHS = "\"CovidTrack/Preview Content\"";
				DEVELOPMENT_TEAM = L24UPAK8D9;
				ENABLE_PREVIEWS = YES;
				INFOPLIST_FILE = CovidTrack/Info.plist;
				IPHONEOS_DEPLOYMENT_TARGET = 14.0;
				LD_RUNPATH_SEARCH_PATHS = (
					"$(inherited)",
					"@executable_path/Frameworks",
				);
				PRODUCT_BUNDLE_IDENTIFIER = edu.capital.dkirkbride3.CovidTrack;
				PRODUCT_NAME = "$(TARGET_NAME)";
				SWIFT_VERSION = 5.0;
				TARGETED_DEVICE_FAMILY = "1,2";
			};
			name = Release;
		};
/* End XCBuildConfiguration section */

/* Begin XCConfigurationList section */
		6C2D4698261397B2008C1077 /* Build configuration list for PBXProject "CovidTrack" */ = {
			isa = XCConfigurationList;
			buildConfigurations = (
				6C2D46AF261397B5008C1077 /* Debug */,
				6C2D46B0261397B5008C1077 /* Release */,
			);
			defaultConfigurationIsVisible = 0;
			defaultConfigurationName = Release;
		};
		6C2D46B1261397B5008C1077 /* Build configuration list for PBXNativeTarget "CovidTrack" */ = {
			isa = XCConfigurationList;
			buildConfigurations = (
				6C2D46B2261397B5008C1077 /* Debug */,
				6C2D46B3261397B5008C1077 /* Release */,
			);
			defaultConfigurationIsVisible = 0;
			defaultConfigurationName = Release;
		};
/* End XCConfigurationList section */

/* Begin XCRemoteSwiftPackageReference section */
		6C2D46BC261398DB008C1077 /* XCRemoteSwiftPackageReference "CSV" */ = {
			isa = XCRemoteSwiftPackageReference;
			repositoryURL = "https://github.com/dave256/CSV.swift";
			requirement = {
				kind = upToNextMajorVersion;
				minimumVersion = 2.4.3;
			};
		};
		6C2D46C026139956008C1077 /* XCRemoteSwiftPackageReference "ChartView" */ = {
			isa = XCRemoteSwiftPackageReference;
			repositoryURL = "https://github.com/AppPear/ChartView";
			requirement = {
				kind = upToNextMajorVersion;
				minimumVersion = 1.5.5;
			};
		};
/* End XCRemoteSwiftPackageReference section */

/* Begin XCSwiftPackageProductDependency section */
		6C2D46BD261398DB008C1077 /* CSV */ = {
			isa = XCSwiftPackageProductDependency;
			package = 6C2D46BC261398DB008C1077 /* XCRemoteSwiftPackageReference "CSV" */;
			productName = CSV;
		};
		6C2D46C126139956008C1077 /* SwiftUICharts */ = {
			isa = XCSwiftPackageProductDependency;
			package = 6C2D46C026139956008C1077 /* XCRemoteSwiftPackageReference "ChartView" */;
			productName = SwiftUICharts;
		};
/* End XCSwiftPackageProductDependency section */

/* Begin XCVersionGroup section */
		6CAD0A1626BAD9B2008CA4BE /* CovidTrack.xcdatamodeld */ = {
			isa = XCVersionGroup;
			children = (
				6CAD0A1726BAD9B2008CA4BE /* CovidTrack.xcdatamodel */,
			);
			currentVersion = 6CAD0A1726BAD9B2008CA4BE /* CovidTrack.xcdatamodel */;
			path = CovidTrack.xcdatamodeld;
			sourceTree = "<group>";
			versionGroupType = wrapper.xcdatamodel;
		};
/* End XCVersionGroup section */
	};
	rootObject = 6C2D4695261397B2008C1077 /* Project object */;
}
